lockfileVersion: '6.1'

settings:
  autoInstallPeers: true
  excludeLinksFromLockfile: false

dependencies:
  express:
    specifier: ^4.18.2
    version: registry.npmjs.org/express@4.18.2

devDependencies:
  '@types/express':
    specifier: ^4.17.19
    version: registry.npmjs.org/@types/express@4.17.19
  '@types/node':
    specifier: ^20.8.6
    version: registry.npmjs.org/@types/node@20.8.6
  nodemon:
    specifier: ^3.0.1
    version: registry.npmjs.org/nodemon@3.0.1
  typescript:
    specifier: ^5.2.2
    version: registry.npmjs.org/typescript@5.2.2

packages:

  registry.npmjs.org/@types/body-parser@1.19.3:
    resolution: {integrity: sha512-oyl4jvAfTGX9Bt6Or4H9ni1Z447/tQuxnZsytsCaExKlmJiU8sFgnIBRzJUpKwB5eWn9HuBYlUlVA74q/yN0eQ==, registry: https://registry.npmjs.com/, tarball: https://registry.npmjs.org/@types/body-parser/-/body-parser-1.19.3.tgz}
    name: '@types/body-parser'
    version: 1.19.3
    dependencies:
      '@types/connect': registry.npmjs.org/@types/connect@3.4.36
      '@types/node': registry.npmjs.org/@types/node@20.8.6
    dev: true

  registry.npmjs.org/@types/connect@3.4.36:
    resolution: {integrity: sha512-P63Zd/JUGq+PdrM1lv0Wv5SBYeA2+CORvbrXbngriYY0jzLUWfQMQQxOhjONEz/wlHOAxOdY7CY65rgQdTjq2w==, registry: https://registry.npmjs.com/, tarball: https://registry.npmjs.org/@types/connect/-/connect-3.4.36.tgz}
    name: '@types/connect'
    version: 3.4.36
    dependencies:
      '@types/node': registry.npmjs.org/@types/node@20.8.6
    dev: true

  registry.npmjs.org/@types/express-serve-static-core@4.17.37:
    resolution: {integrity: sha512-ZohaCYTgGFcOP7u6aJOhY9uIZQgZ2vxC2yWoArY+FeDXlqeH66ZVBjgvg+RLVAS/DWNq4Ap9ZXu1+SUQiiWYMg==, registry: https://registry.npmjs.com/, tarball: https://registry.npmjs.org/@types/express-serve-static-core/-/express-serve-static-core-4.17.37.tgz}
    name: '@types/express-serve-static-core'
    version: 4.17.37
    dependencies:
      '@types/node': registry.npmjs.org/@types/node@20.8.6
      '@types/qs': registry.npmjs.org/@types/qs@6.9.8
      '@types/range-parser': registry.npmjs.org/@types/range-parser@1.2.5
      '@types/send': registry.npmjs.org/@types/send@0.17.2
    dev: true

  registry.npmjs.org/@types/express@4.17.19:
    resolution: {integrity: sha512-UtOfBtzN9OvpZPPbnnYunfjM7XCI4jyk1NvnFhTVz5krYAnW4o5DCoIekvms+8ApqhB4+9wSge1kBijdfTSmfg==, registry: https://registry.npmjs.com/, tarball: https://registry.npmjs.org/@types/express/-/express-4.17.19.tgz}
    name: '@types/express'
    version: 4.17.19
    dependencies:
      '@types/body-parser': registry.npmjs.org/@types/body-parser@1.19.3
      '@types/express-serve-static-core': registry.npmjs.org/@types/express-serve-static-core@4.17.37
      '@types/qs': registry.npmjs.org/@types/qs@6.9.8
      '@types/serve-static': registry.npmjs.org/@types/serve-static@1.15.3
    dev: true

  registry.npmjs.org/@types/http-errors@2.0.2:
    resolution: {integrity: sha512-lPG6KlZs88gef6aD85z3HNkztpj7w2R7HmR3gygjfXCQmsLloWNARFkMuzKiiY8FGdh1XDpgBdrSf4aKDiA7Kg==, registry: https://registry.npmjs.com/, tarball: https://registry.npmjs.org/@types/http-errors/-/http-errors-2.0.2.tgz}
    name: '@types/http-errors'
    version: 2.0.2
    dev: true

  registry.npmjs.org/@types/mime@1.3.3:
    resolution: {integrity: sha512-Ys+/St+2VF4+xuY6+kDIXGxbNRO0mesVg0bbxEfB97Od1Vjpjx9KD1qxs64Gcb3CWPirk9Xe+PT4YiiHQ9T+eg==, registry: https://registry.npmjs.com/, tarball: https://registry.npmjs.org/@types/mime/-/mime-1.3.3.tgz}
    name: '@types/mime'
    version: 1.3.3
    dev: true

  registry.npmjs.org/@types/mime@3.0.2:
    resolution: {integrity: sha512-Wj+fqpTLtTbG7c0tH47dkahefpLKEbB+xAZuLq7b4/IDHPl/n6VoXcyUQ2bypFlbSwvCr0y+bD4euTTqTJsPxQ==, registry: https://registry.npmjs.com/, tarball: https://registry.npmjs.org/@types/mime/-/mime-3.0.2.tgz}
    name: '@types/mime'
    version: 3.0.2
    dev: true

  registry.npmjs.org/@types/node@20.8.6:
    resolution: {integrity: sha512-eWO4K2Ji70QzKUqRy6oyJWUeB7+g2cRagT3T/nxYibYcT4y2BDL8lqolRXjTHmkZCdJfIPaY73KbJAZmcryxTQ==, registry: https://registry.npmjs.com/, tarball: https://registry.npmjs.org/@types/node/-/node-20.8.6.tgz}
    name: '@types/node'
    version: 20.8.6
    dependencies:
      undici-types: registry.npmjs.org/undici-types@5.25.3
    dev: true

  registry.npmjs.org/@types/qs@6.9.8:
    resolution: {integrity: sha512-u95svzDlTysU5xecFNTgfFG5RUWu1A9P0VzgpcIiGZA9iraHOdSzcxMxQ55DyeRaGCSxQi7LxXDI4rzq/MYfdg==, registry: https://registry.npmjs.com/, tarball: https://registry.npmjs.org/@types/qs/-/qs-6.9.8.tgz}
    name: '@types/qs'
    version: 6.9.8
    dev: true

  registry.npmjs.org/@types/range-parser@1.2.5:
    resolution: {integrity: sha512-xrO9OoVPqFuYyR/loIHjnbvvyRZREYKLjxV4+dY6v3FQR3stQ9ZxIGkaclF7YhI9hfjpuTbu14hZEy94qKLtOA==, registry: https://registry.npmjs.com/, tarball: https://registry.npmjs.org/@types/range-parser/-/range-parser-1.2.5.tgz}
    name: '@types/range-parser'
    version: 1.2.5
    dev: true

  registry.npmjs.org/@types/send@0.17.2:
    resolution: {integrity: sha512-aAG6yRf6r0wQ29bkS+x97BIs64ZLxeE/ARwyS6wrldMm3C1MdKwCcnnEwMC1slI8wuxJOpiUH9MioC0A0i+GJw==, registry: https://registry.npmjs.com/, tarball: https://registry.npmjs.org/@types/send/-/send-0.17.2.tgz}
    name: '@types/send'
    version: 0.17.2
    dependencies:
      '@types/mime': registry.npmjs.org/@types/mime@1.3.3
      '@types/node': registry.npmjs.org/@types/node@20.8.6
    dev: true

  registry.npmjs.org/@types/serve-static@1.15.3:
    resolution: {integrity: sha512-yVRvFsEMrv7s0lGhzrggJjNOSmZCdgCjw9xWrPr/kNNLp6FaDfMC1KaYl3TSJ0c58bECwNBMoQrZJ8hA8E1eFg==, registry: https://registry.npmjs.com/, tarball: https://registry.npmjs.org/@types/serve-static/-/serve-static-1.15.3.tgz}
    name: '@types/serve-static'
    version: 1.15.3
    dependencies:
      '@types/http-errors': registry.npmjs.org/@types/http-errors@2.0.2
      '@types/mime': registry.npmjs.org/@types/mime@3.0.2
      '@types/node': registry.npmjs.org/@types/node@20.8.6
    dev: true

  registry.npmjs.org/abbrev@1.1.1:
    resolution: {integrity: sha512-nne9/IiQ/hzIhY6pdDnbBtz7DjPTKrY00P/zvPSm5pOFkl6xuGrGnXn/VtTNNfNtAfZ9/1RtehkszU9qcTii0Q==, registry: https://registry.npmjs.com/, tarball: https://registry.npmjs.org/abbrev/-/abbrev-1.1.1.tgz}
    name: abbrev
    version: 1.1.1
    dev: true

  registry.npmjs.org/accepts@1.3.8:
    resolution: {integrity: sha512-PYAthTa2m2VKxuvSD3DPC/Gy+U+sOA1LAuT8mkmRuvw+NACSaeXEQ+NHcVF7rONl6qcaxV3Uuemwawk+7+SJLw==, registry: https://registry.npmjs.com/, tarball: https://registry.npmjs.org/accepts/-/accepts-1.3.8.tgz}
    name: accepts
    version: 1.3.8
    engines: {node: '>= 0.6'}
    dependencies:
      mime-types: registry.npmjs.org/mime-types@2.1.35
      negotiator: registry.npmjs.org/negotiator@0.6.3
    dev: false

  registry.npmjs.org/anymatch@3.1.3:
    resolution: {integrity: sha512-KMReFUr0B4t+D+OBkjR3KYqvocp2XaSzO55UcB6mgQMd3KbcE+mWTyvVV7D/zsdEbNnV6acZUutkiHQXvTr1Rw==, registry: https://registry.npmjs.com/, tarball: https://registry.npmjs.org/anymatch/-/anymatch-3.1.3.tgz}
    name: anymatch
    version: 3.1.3
    engines: {node: '>= 8'}
    dependencies:
      normalize-path: registry.npmjs.org/normalize-path@3.0.0
      picomatch: registry.npmjs.org/picomatch@2.3.1
    dev: true

  registry.npmjs.org/array-flatten@1.1.1:
    resolution: {integrity: sha512-PCVAQswWemu6UdxsDFFX/+gVeYqKAod3D3UVm91jHwynguOwAvYPhx8nNlM++NqRcK6CxxpUafjmhIdKiHibqg==, registry: https://registry.npmjs.com/, tarball: https://registry.npmjs.org/array-flatten/-/array-flatten-1.1.1.tgz}
    name: array-flatten
    version: 1.1.1
    dev: false

  registry.npmjs.org/balanced-match@1.0.2:
    resolution: {integrity: sha512-3oSeUO0TMV67hN1AmbXsK4yaqU7tjiHlbxRDZOpH0KW9+CeX4bRAaX0Anxt0tx2MrpRpWwQaPwIlISEJhYU5Pw==, registry: https://registry.npmjs.com/, tarball: https://registry.npmjs.org/balanced-match/-/balanced-match-1.0.2.tgz}
    name: balanced-match
    version: 1.0.2
    dev: true

  registry.npmjs.org/binary-extensions@2.2.0:
    resolution: {integrity: sha512-jDctJ/IVQbZoJykoeHbhXpOlNBqGNcwXJKJog42E5HDPUwQTSdjCHdihjj0DlnheQ7blbT6dHOafNAiS8ooQKA==, registry: https://registry.npmjs.com/, tarball: https://registry.npmjs.org/binary-extensions/-/binary-extensions-2.2.0.tgz}
    name: binary-extensions
    version: 2.2.0
    engines: {node: '>=8'}
    dev: true

  registry.npmjs.org/body-parser@1.20.1:
    resolution: {integrity: sha512-jWi7abTbYwajOytWCQc37VulmWiRae5RyTpaCyDcS5/lMdtwSz5lOpDE67srw/HYe35f1z3fDQw+3txg7gNtWw==, registry: https://registry.npmjs.com/, tarball: https://registry.npmjs.org/body-parser/-/body-parser-1.20.1.tgz}
    name: body-parser
    version: 1.20.1
    engines: {node: '>= 0.8', npm: 1.2.8000 || >= 1.4.16}
    dependencies:
      bytes: registry.npmjs.org/bytes@3.1.2
      content-type: registry.npmjs.org/content-type@1.0.5
      debug: registry.npmjs.org/debug@2.6.9
      depd: registry.npmjs.org/depd@2.0.0
      destroy: registry.npmjs.org/destroy@1.2.0
      http-errors: registry.npmjs.org/http-errors@2.0.0
      iconv-lite: registry.npmjs.org/iconv-lite@0.4.24
      on-finished: registry.npmjs.org/on-finished@2.4.1
      qs: registry.npmjs.org/qs@6.11.0
      raw-body: registry.npmjs.org/raw-body@2.5.1
      type-is: registry.npmjs.org/type-is@1.6.18
      unpipe: registry.npmjs.org/unpipe@1.0.0
    transitivePeerDependencies:
      - supports-color
    dev: false

  registry.npmjs.org/brace-expansion@1.1.11:
    resolution: {integrity: sha512-iCuPHDFgrHX7H2vEI/5xpz07zSHB00TpugqhmYtVmMO6518mCuRMoOYFldEBl0g187ufozdaHgWKcYFb61qGiA==, registry: https://registry.npmjs.com/, tarball: https://registry.npmjs.org/brace-expansion/-/brace-expansion-1.1.11.tgz}
    name: brace-expansion
    version: 1.1.11
    dependencies:
      balanced-match: registry.npmjs.org/balanced-match@1.0.2
      concat-map: registry.npmjs.org/concat-map@0.0.1
    dev: true

  registry.npmjs.org/braces@3.0.2:
    resolution: {integrity: sha512-b8um+L1RzM3WDSzvhm6gIz1yfTbBt6YTlcEKAvsmqCZZFw46z626lVj9j1yEPW33H5H+lBQpZMP1k8l+78Ha0A==, registry: https://registry.npmjs.com/, tarball: https://registry.npmjs.org/braces/-/braces-3.0.2.tgz}
    name: braces
    version: 3.0.2
    engines: {node: '>=8'}
    dependencies:
      fill-range: registry.npmjs.org/fill-range@7.0.1
    dev: true

  registry.npmjs.org/bytes@3.1.2:
    resolution: {integrity: sha512-/Nf7TyzTx6S3yRJObOAV7956r8cr2+Oj8AC5dt8wSP3BQAoeX58NoHyCU8P8zGkNXStjTSi6fzO6F0pBdcYbEg==, registry: https://registry.npmjs.com/, tarball: https://registry.npmjs.org/bytes/-/bytes-3.1.2.tgz}
    name: bytes
    version: 3.1.2
    engines: {node: '>= 0.8'}
    dev: false

  registry.npmjs.org/call-bind@1.0.2:
    resolution: {integrity: sha512-7O+FbCihrB5WGbFYesctwmTKae6rOiIzmz1icreWJ+0aA7LJfuqhEso2T9ncpcFtzMQtzXf2QGGueWJGTYsqrA==, registry: https://registry.npmjs.com/, tarball: https://registry.npmjs.org/call-bind/-/call-bind-1.0.2.tgz}
    name: call-bind
    version: 1.0.2
    dependencies:
      function-bind: registry.npmjs.org/function-bind@1.1.2
      get-intrinsic: registry.npmjs.org/get-intrinsic@1.2.1
    dev: false

  registry.npmjs.org/chokidar@3.5.3:
    resolution: {integrity: sha512-Dr3sfKRP6oTcjf2JmUmFJfeVMvXBdegxB0iVQ5eb2V10uFJUCAS8OByZdVAyVb8xXNz3GjjTgj9kLWsZTqE6kw==, registry: https://registry.npmjs.com/, tarball: https://registry.npmjs.org/chokidar/-/chokidar-3.5.3.tgz}
    name: chokidar
    version: 3.5.3
    engines: {node: '>= 8.10.0'}
    dependencies:
      anymatch: registry.npmjs.org/anymatch@3.1.3
      braces: registry.npmjs.org/braces@3.0.2
      glob-parent: registry.npmjs.org/glob-parent@5.1.2
      is-binary-path: registry.npmjs.org/is-binary-path@2.1.0
      is-glob: registry.npmjs.org/is-glob@4.0.3
      normalize-path: registry.npmjs.org/normalize-path@3.0.0
      readdirp: registry.npmjs.org/readdirp@3.6.0
    optionalDependencies:
      fsevents: registry.npmjs.org/fsevents@2.3.3
    dev: true

  registry.npmjs.org/concat-map@0.0.1:
    resolution: {integrity: sha512-/Srv4dswyQNBfohGpz9o6Yb3Gz3SrUDqBH5rTuhGR7ahtlbYKnVxw2bCFMRljaA7EXHaXZ8wsHdodFvbkhKmqg==, registry: https://registry.npmjs.com/, tarball: https://registry.npmjs.org/concat-map/-/concat-map-0.0.1.tgz}
    name: concat-map
    version: 0.0.1
    dev: true

  registry.npmjs.org/content-disposition@0.5.4:
    resolution: {integrity: sha512-FveZTNuGw04cxlAiWbzi6zTAL/lhehaWbTtgluJh4/E95DqMwTmha3KZN1aAWA8cFIhHzMZUvLevkw5Rqk+tSQ==, registry: https://registry.npmjs.com/, tarball: https://registry.npmjs.org/content-disposition/-/content-disposition-0.5.4.tgz}
    name: content-disposition
    version: 0.5.4
    engines: {node: '>= 0.6'}
    dependencies:
      safe-buffer: registry.npmjs.org/safe-buffer@5.2.1
    dev: false

  registry.npmjs.org/content-type@1.0.5:
    resolution: {integrity: sha512-nTjqfcBFEipKdXCv4YDQWCfmcLZKm81ldF0pAopTvyrFGVbcR6P/VAAd5G7N+0tTr8QqiU0tFadD6FK4NtJwOA==, registry: https://registry.npmjs.com/, tarball: https://registry.npmjs.org/content-type/-/content-type-1.0.5.tgz}
    name: content-type
    version: 1.0.5
    engines: {node: '>= 0.6'}
    dev: false

  registry.npmjs.org/cookie-signature@1.0.6:
    resolution: {integrity: sha512-QADzlaHc8icV8I7vbaJXJwod9HWYp8uCqf1xa4OfNu1T7JVxQIrUgOWtHdNDtPiywmFbiS12VjotIXLrKM3orQ==, registry: https://registry.npmjs.com/, tarball: https://registry.npmjs.org/cookie-signature/-/cookie-signature-1.0.6.tgz}
    name: cookie-signature
    version: 1.0.6
    dev: false

  registry.npmjs.org/cookie@0.5.0:
    resolution: {integrity: sha512-YZ3GUyn/o8gfKJlnlX7g7xq4gyO6OSuhGPKaaGssGB2qgDUS0gPgtTvoyZLTt9Ab6dC4hfc9dV5arkvc/OCmrw==, registry: https://registry.npmjs.com/, tarball: https://registry.npmjs.org/cookie/-/cookie-0.5.0.tgz}
    name: cookie
    version: 0.5.0
    engines: {node: '>= 0.6'}
    dev: false

  registry.npmjs.org/debug@2.6.9:
    resolution: {integrity: sha512-bC7ElrdJaJnPbAP+1EotYvqZsb3ecl5wi6Bfi6BJTUcNowp6cvspg0jXznRTKDjm/E7AdgFBVeAPVMNcKGsHMA==, registry: https://registry.npmjs.com/, tarball: https://registry.npmjs.org/debug/-/debug-2.6.9.tgz}
    name: debug
    version: 2.6.9
    peerDependencies:
      supports-color: '*'
    peerDependenciesMeta:
      supports-color:
        optional: true
    dependencies:
      ms: registry.npmjs.org/ms@2.0.0
    dev: false

  registry.npmjs.org/debug@3.2.7(supports-color@5.5.0):
    resolution: {integrity: sha512-CFjzYYAi4ThfiQvizrFQevTTXHtnCqWfe7x1AhgEscTz6ZbLbfoLRLPugTQyBth6f8ZERVUSyWHFD/7Wu4t1XQ==, registry: https://registry.npmjs.com/, tarball: https://registry.npmjs.org/debug/-/debug-3.2.7.tgz}
    id: registry.npmjs.org/debug/3.2.7
    name: debug
    version: 3.2.7
    peerDependencies:
      supports-color: '*'
    peerDependenciesMeta:
      supports-color:
        optional: true
    dependencies:
      ms: registry.npmjs.org/ms@2.1.3
      supports-color: registry.npmjs.org/supports-color@5.5.0
    dev: true

  registry.npmjs.org/depd@2.0.0:
    resolution: {integrity: sha512-g7nH6P6dyDioJogAAGprGpCtVImJhpPk/roCzdb3fIh61/s/nPsfR6onyMwkCAR/OlC3yBC0lESvUoQEAssIrw==, registry: https://registry.npmjs.com/, tarball: https://registry.npmjs.org/depd/-/depd-2.0.0.tgz}
    name: depd
    version: 2.0.0
    engines: {node: '>= 0.8'}
    dev: false

  registry.npmjs.org/destroy@1.2.0:
    resolution: {integrity: sha512-2sJGJTaXIIaR1w4iJSNoN0hnMY7Gpc/n8D4qSCJw8QqFWXf7cuAgnEHxBpweaVcPevC2l3KpjYCx3NypQQgaJg==, registry: https://registry.npmjs.com/, tarball: https://registry.npmjs.org/destroy/-/destroy-1.2.0.tgz}
    name: destroy
    version: 1.2.0
    engines: {node: '>= 0.8', npm: 1.2.8000 || >= 1.4.16}
    dev: false

  registry.npmjs.org/ee-first@1.1.1:
    resolution: {integrity: sha512-WMwm9LhRUo+WUaRN+vRuETqG89IgZphVSNkdFgeb6sS/E4OrDIN7t48CAewSHXc6C8lefD8KKfr5vY61brQlow==, registry: https://registry.npmjs.com/, tarball: https://registry.npmjs.org/ee-first/-/ee-first-1.1.1.tgz}
    name: ee-first
    version: 1.1.1
    dev: false

  registry.npmjs.org/encodeurl@1.0.2:
    resolution: {integrity: sha512-TPJXq8JqFaVYm2CWmPvnP2Iyo4ZSM7/QKcSmuMLDObfpH5fi7RUGmd/rTDf+rut/saiDiQEeVTNgAmJEdAOx0w==, registry: https://registry.npmjs.com/, tarball: https://registry.npmjs.org/encodeurl/-/encodeurl-1.0.2.tgz}
    name: encodeurl
    version: 1.0.2
    engines: {node: '>= 0.8'}
    dev: false

  registry.npmjs.org/escape-html@1.0.3:
    resolution: {integrity: sha512-NiSupZ4OeuGwr68lGIeym/ksIZMJodUGOSCZ/FSnTxcrekbvqrgdUxlJOMpijaKZVjAJrWrGs/6Jy8OMuyj9ow==, registry: https://registry.npmjs.com/, tarball: https://registry.npmjs.org/escape-html/-/escape-html-1.0.3.tgz}
    name: escape-html
    version: 1.0.3
    dev: false

  registry.npmjs.org/etag@1.8.1:
    resolution: {integrity: sha512-aIL5Fx7mawVa300al2BnEE4iNvo1qETxLrPI/o05L7z6go7fCw1J6EQmbK4FmJ2AS7kgVF/KEZWufBfdClMcPg==, registry: https://registry.npmjs.com/, tarball: https://registry.npmjs.org/etag/-/etag-1.8.1.tgz}
    name: etag
    version: 1.8.1
    engines: {node: '>= 0.6'}
    dev: false

  registry.npmjs.org/express@4.18.2:
    resolution: {integrity: sha512-5/PsL6iGPdfQ/lKM1UuielYgv3BUoJfz1aUwU9vHZ+J7gyvwdQXFEBIEIaxeGf0GIcreATNyBExtalisDbuMqQ==, registry: https://registry.npmjs.com/, tarball: https://registry.npmjs.org/express/-/express-4.18.2.tgz}
    name: express
    version: 4.18.2
    engines: {node: '>= 0.10.0'}
    dependencies:
      accepts: registry.npmjs.org/accepts@1.3.8
      array-flatten: registry.npmjs.org/array-flatten@1.1.1
      body-parser: registry.npmjs.org/body-parser@1.20.1
      content-disposition: registry.npmjs.org/content-disposition@0.5.4
      content-type: registry.npmjs.org/content-type@1.0.5
      cookie: registry.npmjs.org/cookie@0.5.0
      cookie-signature: registry.npmjs.org/cookie-signature@1.0.6
      debug: registry.npmjs.org/debug@2.6.9
      depd: registry.npmjs.org/depd@2.0.0
      encodeurl: registry.npmjs.org/encodeurl@1.0.2
      escape-html: registry.npmjs.org/escape-html@1.0.3
      etag: registry.npmjs.org/etag@1.8.1
      finalhandler: registry.npmjs.org/finalhandler@1.2.0
      fresh: registry.npmjs.org/fresh@0.5.2
      http-errors: registry.npmjs.org/http-errors@2.0.0
      merge-descriptors: registry.npmjs.org/merge-descriptors@1.0.1
      methods: registry.npmjs.org/methods@1.1.2
      on-finished: registry.npmjs.org/on-finished@2.4.1
      parseurl: registry.npmjs.org/parseurl@1.3.3
      path-to-regexp: registry.npmjs.org/path-to-regexp@0.1.7
      proxy-addr: registry.npmjs.org/proxy-addr@2.0.7
      qs: registry.npmjs.org/qs@6.11.0
      range-parser: registry.npmjs.org/range-parser@1.2.1
      safe-buffer: registry.npmjs.org/safe-buffer@5.2.1
      send: registry.npmjs.org/send@0.18.0
      serve-static: registry.npmjs.org/serve-static@1.15.0
      setprototypeof: registry.npmjs.org/setprototypeof@1.2.0
      statuses: registry.npmjs.org/statuses@2.0.1
      type-is: registry.npmjs.org/type-is@1.6.18
      utils-merge: registry.npmjs.org/utils-merge@1.0.1
      vary: registry.npmjs.org/vary@1.1.2
    transitivePeerDependencies:
      - supports-color
    dev: false

  registry.npmjs.org/fill-range@7.0.1:
    resolution: {integrity: sha512-qOo9F+dMUmC2Lcb4BbVvnKJxTPjCm+RRpe4gDuGrzkL7mEVl/djYSu2OdQ2Pa302N4oqkSg9ir6jaLWJ2USVpQ==, registry: https://registry.npmjs.com/, tarball: https://registry.npmjs.org/fill-range/-/fill-range-7.0.1.tgz}
    name: fill-range
    version: 7.0.1
    engines: {node: '>=8'}
    dependencies:
      to-regex-range: registry.npmjs.org/to-regex-range@5.0.1
    dev: true

  registry.npmjs.org/finalhandler@1.2.0:
    resolution: {integrity: sha512-5uXcUVftlQMFnWC9qu/svkWv3GTd2PfUhK/3PLkYNAe7FbqJMt3515HaxE6eRL74GdsriiwujiawdaB1BpEISg==, registry: https://registry.npmjs.com/, tarball: https://registry.npmjs.org/finalhandler/-/finalhandler-1.2.0.tgz}
    name: finalhandler
    version: 1.2.0
    engines: {node: '>= 0.8'}
    dependencies:
      debug: registry.npmjs.org/debug@2.6.9
      encodeurl: registry.npmjs.org/encodeurl@1.0.2
      escape-html: registry.npmjs.org/escape-html@1.0.3
      on-finished: registry.npmjs.org/on-finished@2.4.1
      parseurl: registry.npmjs.org/parseurl@1.3.3
      statuses: registry.npmjs.org/statuses@2.0.1
      unpipe: registry.npmjs.org/unpipe@1.0.0
    transitivePeerDependencies:
      - supports-color
    dev: false

  registry.npmjs.org/forwarded@0.2.0:
    resolution: {integrity: sha512-buRG0fpBtRHSTCOASe6hD258tEubFoRLb4ZNA6NxMVHNw2gOcwHo9wyablzMzOA5z9xA9L1KNjk/Nt6MT9aYow==, registry: https://registry.npmjs.com/, tarball: https://registry.npmjs.org/forwarded/-/forwarded-0.2.0.tgz}
    name: forwarded
    version: 0.2.0
    engines: {node: '>= 0.6'}
    dev: false

  registry.npmjs.org/fresh@0.5.2:
    resolution: {integrity: sha512-zJ2mQYM18rEFOudeV4GShTGIQ7RbzA7ozbU9I/XBpm7kqgMywgmylMwXHxZJmkVoYkna9d2pVXVXPdYTP9ej8Q==, registry: https://registry.npmjs.com/, tarball: https://registry.npmjs.org/fresh/-/fresh-0.5.2.tgz}
    name: fresh
    version: 0.5.2
    engines: {node: '>= 0.6'}
    dev: false

  registry.npmjs.org/fsevents@2.3.3:
    resolution: {integrity: sha512-5xoDfX+fL7faATnagmWPpbFtwh/R77WmMMqqHGS65C3vvB0YHrgF+B1YmZ3441tMj5n63k0212XNoJwzlhffQw==, registry: https://registry.npmjs.com/, tarball: https://registry.npmjs.org/fsevents/-/fsevents-2.3.3.tgz}
    name: fsevents
    version: 2.3.3
    engines: {node: ^8.16.0 || ^10.6.0 || >=11.0.0}
    os: [darwin]
    requiresBuild: true
    dev: true
    optional: true

  registry.npmjs.org/function-bind@1.1.2:
    resolution: {integrity: sha512-7XHNxH7qX9xG5mIwxkhumTox/MIRNcOgDrxWsMt2pAr23WHp6MrRlN7FBSFpCpr+oVO0F744iUgR82nJMfG2SA==, registry: https://registry.npmjs.com/, tarball: https://registry.npmjs.org/function-bind/-/function-bind-1.1.2.tgz}
    name: function-bind
    version: 1.1.2
    dev: false

  registry.npmjs.org/get-intrinsic@1.2.1:
    resolution: {integrity: sha512-2DcsyfABl+gVHEfCOaTrWgyt+tb6MSEGmKq+kI5HwLbIYgjgmMcV8KQ41uaKz1xxUcn9tJtgFbQUEVcEbd0FYw==, registry: https://registry.npmjs.com/, tarball: https://registry.npmjs.org/get-intrinsic/-/get-intrinsic-1.2.1.tgz}
    name: get-intrinsic
    version: 1.2.1
    dependencies:
      function-bind: registry.npmjs.org/function-bind@1.1.2
      has: registry.npmjs.org/has@1.0.4
      has-proto: registry.npmjs.org/has-proto@1.0.1
      has-symbols: registry.npmjs.org/has-symbols@1.0.3
    dev: false

  registry.npmjs.org/glob-parent@5.1.2:
    resolution: {integrity: sha512-AOIgSQCepiJYwP3ARnGx+5VnTu2HBYdzbGP45eLw1vr3zB3vZLeyed1sC9hnbcOc9/SrMyM5RPQrkGz4aS9Zow==, registry: https://registry.npmjs.com/, tarball: https://registry.npmjs.org/glob-parent/-/glob-parent-5.1.2.tgz}
    name: glob-parent
    version: 5.1.2
    engines: {node: '>= 6'}
    dependencies:
      is-glob: registry.npmjs.org/is-glob@4.0.3
    dev: true

  registry.npmjs.org/has-flag@3.0.0:
    resolution: {integrity: sha512-sKJf1+ceQBr4SMkvQnBDNDtf4TXpVhVGateu0t918bl30FnbE2m4vNLX+VWe/dpjlb+HugGYzW7uQXH98HPEYw==, registry: https://registry.npmjs.com/, tarball: https://registry.npmjs.org/has-flag/-/has-flag-3.0.0.tgz}
    name: has-flag
    version: 3.0.0
    engines: {node: '>=4'}
    dev: true

  registry.npmjs.org/has-proto@1.0.1:
    resolution: {integrity: sha512-7qE+iP+O+bgF9clE5+UoBFzE65mlBiVj3tKCrlNQ0Ogwm0BjpT/gK4SlLYDMybDh5I3TCTKnPPa0oMG7JDYrhg==, registry: https://registry.npmjs.com/, tarball: https://registry.npmjs.org/has-proto/-/has-proto-1.0.1.tgz}
    name: has-proto
    version: 1.0.1
    engines: {node: '>= 0.4'}
    dev: false

  registry.npmjs.org/has-symbols@1.0.3:
    resolution: {integrity: sha512-l3LCuF6MgDNwTDKkdYGEihYjt5pRPbEg46rtlmnSPlUbgmB8LOIrKJbYYFBSbnPaJexMKtiPO8hmeRjRz2Td+A==, registry: https://registry.npmjs.com/, tarball: https://registry.npmjs.org/has-symbols/-/has-symbols-1.0.3.tgz}
    name: has-symbols
    version: 1.0.3
    engines: {node: '>= 0.4'}
    dev: false

  registry.npmjs.org/has@1.0.4:
    resolution: {integrity: sha512-qdSAmqLF6209RFj4VVItywPMbm3vWylknmB3nvNiUIs72xAimcM8nVYxYr7ncvZq5qzk9MKIZR8ijqD/1QuYjQ==, registry: https://registry.npmjs.com/, tarball: https://registry.npmjs.org/has/-/has-1.0.4.tgz}
    name: has
    version: 1.0.4
    engines: {node: '>= 0.4.0'}
    dev: false

  registry.npmjs.org/http-errors@2.0.0:
    resolution: {integrity: sha512-FtwrG/euBzaEjYeRqOgly7G0qviiXoJWnvEH2Z1plBdXgbyjv34pHTSb9zoeHMyDy33+DWy5Wt9Wo+TURtOYSQ==, registry: https://registry.npmjs.com/, tarball: https://registry.npmjs.org/http-errors/-/http-errors-2.0.0.tgz}
    name: http-errors
    version: 2.0.0
    engines: {node: '>= 0.8'}
    dependencies:
      depd: registry.npmjs.org/depd@2.0.0
      inherits: registry.npmjs.org/inherits@2.0.4
      setprototypeof: registry.npmjs.org/setprototypeof@1.2.0
      statuses: registry.npmjs.org/statuses@2.0.1
      toidentifier: registry.npmjs.org/toidentifier@1.0.1
    dev: false

  registry.npmjs.org/iconv-lite@0.4.24:
    resolution: {integrity: sha512-v3MXnZAcvnywkTUEZomIActle7RXXeedOR31wwl7VlyoXO4Qi9arvSenNQWne1TcRwhCL1HwLI21bEqdpj8/rA==, registry: https://registry.npmjs.com/, tarball: https://registry.npmjs.org/iconv-lite/-/iconv-lite-0.4.24.tgz}
    name: iconv-lite
    version: 0.4.24
    engines: {node: '>=0.10.0'}
    dependencies:
      safer-buffer: registry.npmjs.org/safer-buffer@2.1.2
    dev: false

  registry.npmjs.org/ignore-by-default@1.0.1:
    resolution: {integrity: sha512-Ius2VYcGNk7T90CppJqcIkS5ooHUZyIQK+ClZfMfMNFEF9VSE73Fq+906u/CWu92x4gzZMWOwfFYckPObzdEbA==, registry: https://registry.npmjs.com/, tarball: https://registry.npmjs.org/ignore-by-default/-/ignore-by-default-1.0.1.tgz}
    name: ignore-by-default
    version: 1.0.1
    dev: true

  registry.npmjs.org/inherits@2.0.4:
    resolution: {integrity: sha512-k/vGaX4/Yla3WzyMCvTQOXYeIHvqOKtnqBduzTHpzpQZzAskKMhZ2K+EnBiSM9zGSoIFeMpXKxa4dYeZIQqewQ==, registry: https://registry.npmjs.com/, tarball: https://registry.npmjs.org/inherits/-/inherits-2.0.4.tgz}
    name: inherits
    version: 2.0.4
    dev: false

  registry.npmjs.org/ipaddr.js@1.9.1:
    resolution: {integrity: sha512-0KI/607xoxSToH7GjN1FfSbLoU0+btTicjsQSWQlh/hZykN8KpmMf7uYwPW3R+akZ6R/w18ZlXSHBYXiYUPO3g==, registry: https://registry.npmjs.com/, tarball: https://registry.npmjs.org/ipaddr.js/-/ipaddr.js-1.9.1.tgz}
    name: ipaddr.js
    version: 1.9.1
    engines: {node: '>= 0.10'}
    dev: false

  registry.npmjs.org/is-binary-path@2.1.0:
    resolution: {integrity: sha512-ZMERYes6pDydyuGidse7OsHxtbI7WVeUEozgR/g7rd0xUimYNlvZRE/K2MgZTjWy725IfelLeVcEM97mmtRGXw==, registry: https://registry.npmjs.com/, tarball: https://registry.npmjs.org/is-binary-path/-/is-binary-path-2.1.0.tgz}
    name: is-binary-path
    version: 2.1.0
    engines: {node: '>=8'}
    dependencies:
      binary-extensions: registry.npmjs.org/binary-extensions@2.2.0
    dev: true

  registry.npmjs.org/is-extglob@2.1.1:
    resolution: {integrity: sha512-SbKbANkN603Vi4jEZv49LeVJMn4yGwsbzZworEoyEiutsN3nJYdbO36zfhGJ6QEDpOZIFkDtnq5JRxmvl3jsoQ==, registry: https://registry.npmjs.com/, tarball: https://registry.npmjs.org/is-extglob/-/is-extglob-2.1.1.tgz}
    name: is-extglob
    version: 2.1.1
    engines: {node: '>=0.10.0'}
    dev: true

  registry.npmjs.org/is-glob@4.0.3:
    resolution: {integrity: sha512-xelSayHH36ZgE7ZWhli7pW34hNbNl8Ojv5KVmkJD4hBdD3th8Tfk9vYasLM+mXWOZhFkgZfxhLSnrwRr4elSSg==, registry: https://registry.npmjs.com/, tarball: https://registry.npmjs.org/is-glob/-/is-glob-4.0.3.tgz}
    name: is-glob
    version: 4.0.3
    engines: {node: '>=0.10.0'}
    dependencies:
      is-extglob: registry.npmjs.org/is-extglob@2.1.1
    dev: true

  registry.npmjs.org/is-number@7.0.0:
    resolution: {integrity: sha512-41Cifkg6e8TylSpdtTpeLVMqvSBEVzTttHvERD741+pnZ8ANv0004MRL43QKPDlK9cGvNp6NZWZUBlbGXYxxng==, registry: https://registry.npmjs.com/, tarball: https://registry.npmjs.org/is-number/-/is-number-7.0.0.tgz}
    name: is-number
    version: 7.0.0
    engines: {node: '>=0.12.0'}
    dev: true

  registry.npmjs.org/lru-cache@6.0.0:
    resolution: {integrity: sha512-Jo6dJ04CmSjuznwJSS3pUeWmd/H0ffTlkXXgwZi+eq1UCmqQwCh+eLsYOYCwY991i2Fah4h1BEMCx4qThGbsiA==, registry: https://registry.npmjs.com/, tarball: https://registry.npmjs.org/lru-cache/-/lru-cache-6.0.0.tgz}
    name: lru-cache
    version: 6.0.0
    engines: {node: '>=10'}
    dependencies:
      yallist: registry.npmjs.org/yallist@4.0.0
    dev: true

  registry.npmjs.org/media-typer@0.3.0:
    resolution: {integrity: sha512-dq+qelQ9akHpcOl/gUVRTxVIOkAJ1wR3QAvb4RsVjS8oVoFjDGTc679wJYmUmknUF5HwMLOgb5O+a3KxfWapPQ==, registry: https://registry.npmjs.com/, tarball: https://registry.npmjs.org/media-typer/-/media-typer-0.3.0.tgz}
    name: media-typer
    version: 0.3.0
    engines: {node: '>= 0.6'}
    dev: false

  registry.npmjs.org/merge-descriptors@1.0.1:
    resolution: {integrity: sha512-cCi6g3/Zr1iqQi6ySbseM1Xvooa98N0w31jzUYrXPX2xqObmFGHJ0tQ5u74H3mVh7wLouTseZyYIq39g8cNp1w==, registry: https://registry.npmjs.com/, tarball: https://registry.npmjs.org/merge-descriptors/-/merge-descriptors-1.0.1.tgz}
    name: merge-descriptors
    version: 1.0.1
    dev: false

  registry.npmjs.org/methods@1.1.2:
    resolution: {integrity: sha512-iclAHeNqNm68zFtnZ0e+1L2yUIdvzNoauKU4WBA3VvH/vPFieF7qfRlwUZU+DA9P9bPXIS90ulxoUoCH23sV2w==, registry: https://registry.npmjs.com/, tarball: https://registry.npmjs.org/methods/-/methods-1.1.2.tgz}
    name: methods
    version: 1.1.2
    engines: {node: '>= 0.6'}
    dev: false

  registry.npmjs.org/mime-db@1.52.0:
    resolution: {integrity: sha512-sPU4uV7dYlvtWJxwwxHD0PuihVNiE7TyAbQ5SWxDCB9mUYvOgroQOwYQQOKPJ8CIbE+1ETVlOoK1UC2nU3gYvg==, registry: https://registry.npmjs.com/, tarball: https://registry.npmjs.org/mime-db/-/mime-db-1.52.0.tgz}
    name: mime-db
    version: 1.52.0
    engines: {node: '>= 0.6'}
    dev: false

  registry.npmjs.org/mime-types@2.1.35:
    resolution: {integrity: sha512-ZDY+bPm5zTTF+YpCrAU9nK0UgICYPT0QtT1NZWFv4s++TNkcgVaT0g6+4R2uI4MjQjzysHB1zxuWL50hzaeXiw==, registry: https://registry.npmjs.com/, tarball: https://registry.npmjs.org/mime-types/-/mime-types-2.1.35.tgz}
    name: mime-types
    version: 2.1.35
    engines: {node: '>= 0.6'}
    dependencies:
      mime-db: registry.npmjs.org/mime-db@1.52.0
    dev: false

  registry.npmjs.org/mime@1.6.0:
    resolution: {integrity: sha512-x0Vn8spI+wuJ1O6S7gnbaQg8Pxh4NNHb7KSINmEWKiPE4RKOplvijn+NkmYmmRgP68mc70j2EbeTFRsrswaQeg==, registry: https://registry.npmjs.com/, tarball: https://registry.npmjs.org/mime/-/mime-1.6.0.tgz}
    name: mime
    version: 1.6.0
    engines: {node: '>=4'}
    hasBin: true
    dev: false

  registry.npmjs.org/minimatch@3.1.2:
    resolution: {integrity: sha512-J7p63hRiAjw1NDEww1W7i37+ByIrOWO5XQQAzZ3VOcL0PNybwpfmV/N05zFAzwQ9USyEcX6t3UO+K5aqBQOIHw==, registry: https://registry.npmjs.com/, tarball: https://registry.npmjs.org/minimatch/-/minimatch-3.1.2.tgz}
    name: minimatch
    version: 3.1.2
    dependencies:
      brace-expansion: registry.npmjs.org/brace-expansion@1.1.11
    dev: true

  registry.npmjs.org/ms@2.0.0:
    resolution: {integrity: sha512-Tpp60P6IUJDTuOq/5Z8cdskzJujfwqfOTkrwIwj7IRISpnkJnT6SyJ4PCPnGMoFjC9ddhal5KVIYtAt97ix05A==, registry: https://registry.npmjs.com/, tarball: https://registry.npmjs.org/ms/-/ms-2.0.0.tgz}
    name: ms
    version: 2.0.0
    dev: false

  registry.npmjs.org/ms@2.1.3:
    resolution: {integrity: sha512-6FlzubTLZG3J2a/NVCAleEhjzq5oxgHyaCU9yYXvcLsvoVaHJq/s5xXI6/XXP6tz7R9xAOtHnSO/tXtF3WRTlA==, registry: https://registry.npmjs.com/, tarball: https://registry.npmjs.org/ms/-/ms-2.1.3.tgz}
    name: ms
    version: 2.1.3

  registry.npmjs.org/negotiator@0.6.3:
    resolution: {integrity: sha512-+EUsqGPLsM+j/zdChZjsnX51g4XrHFOIXwfnCVPGlQk/k5giakcKsuxCObBRu6DSm9opw/O6slWbJdghQM4bBg==, registry: https://registry.npmjs.com/, tarball: https://registry.npmjs.org/negotiator/-/negotiator-0.6.3.tgz}
    name: negotiator
    version: 0.6.3
    engines: {node: '>= 0.6'}
    dev: false

  registry.npmjs.org/nodemon@3.0.1:
    resolution: {integrity: sha512-g9AZ7HmkhQkqXkRc20w+ZfQ73cHLbE8hnPbtaFbFtCumZsjyMhKk9LajQ07U5Ux28lvFjZ5X7HvWR1xzU8jHVw==, registry: https://registry.npmjs.com/, tarball: https://registry.npmjs.org/nodemon/-/nodemon-3.0.1.tgz}
    name: nodemon
    version: 3.0.1
    engines: {node: '>=10'}
    hasBin: true
    dependencies:
      chokidar: registry.npmjs.org/chokidar@3.5.3
      debug: registry.npmjs.org/debug@3.2.7(supports-color@5.5.0)
      ignore-by-default: registry.npmjs.org/ignore-by-default@1.0.1
      minimatch: registry.npmjs.org/minimatch@3.1.2
      pstree.remy: registry.npmjs.org/pstree.remy@1.1.8
      semver: registry.npmjs.org/semver@7.5.4
      simple-update-notifier: registry.npmjs.org/simple-update-notifier@2.0.0
      supports-color: registry.npmjs.org/supports-color@5.5.0
      touch: registry.npmjs.org/touch@3.1.0
      undefsafe: registry.npmjs.org/undefsafe@2.0.5
    dev: true

  registry.npmjs.org/nopt@1.0.10:
    resolution: {integrity: sha512-NWmpvLSqUrgrAC9HCuxEvb+PSloHpqVu+FqcO4eeF2h5qYRhA7ev6KvelyQAKtegUbC6RypJnlEOhd8vloNKYg==, registry: https://registry.npmjs.com/, tarball: https://registry.npmjs.org/nopt/-/nopt-1.0.10.tgz}
    name: nopt
    version: 1.0.10
    hasBin: true
    dependencies:
      abbrev: registry.npmjs.org/abbrev@1.1.1
    dev: true

  registry.npmjs.org/normalize-path@3.0.0:
    resolution: {integrity: sha512-6eZs5Ls3WtCisHWp9S2GUy8dqkpGi4BVSz3GaqiE6ezub0512ESztXUwUB6C6IKbQkY2Pnb/mD4WYojCRwcwLA==, registry: https://registry.npmjs.com/, tarball: https://registry.npmjs.org/normalize-path/-/normalize-path-3.0.0.tgz}
    name: normalize-path
    version: 3.0.0
    engines: {node: '>=0.10.0'}
    dev: true

  registry.npmjs.org/object-inspect@1.12.3:
    resolution: {integrity: sha512-geUvdk7c+eizMNUDkRpW1wJwgfOiOeHbxBR/hLXK1aT6zmVSO0jsQcs7fj6MGw89jC/cjGfLcNOrtMYtGqm81g==, registry: https://registry.npmjs.com/, tarball: https://registry.npmjs.org/object-inspect/-/object-inspect-1.12.3.tgz}
    name: object-inspect
    version: 1.12.3
    dev: false

  registry.npmjs.org/on-finished@2.4.1:
    resolution: {integrity: sha512-oVlzkg3ENAhCk2zdv7IJwd/QUD4z2RxRwpkcGY8psCVcCYZNq4wYnVWALHM+brtuJjePWiYF/ClmuDr8Ch5+kg==, registry: https://registry.npmjs.com/, tarball: https://registry.npmjs.org/on-finished/-/on-finished-2.4.1.tgz}
    name: on-finished
    version: 2.4.1
    engines: {node: '>= 0.8'}
    dependencies:
      ee-first: registry.npmjs.org/ee-first@1.1.1
    dev: false

  registry.npmjs.org/parseurl@1.3.3:
    resolution: {integrity: sha512-CiyeOxFT/JZyN5m0z9PfXw4SCBJ6Sygz1Dpl0wqjlhDEGGBP1GnsUVEL0p63hoG1fcj3fHynXi9NYO4nWOL+qQ==, registry: https://registry.npmjs.com/, tarball: https://registry.npmjs.org/parseurl/-/parseurl-1.3.3.tgz}
    name: parseurl
    version: 1.3.3
    engines: {node: '>= 0.8'}
    dev: false

  registry.npmjs.org/path-to-regexp@0.1.7:
    resolution: {integrity: sha512-5DFkuoqlv1uYQKxy8omFBeJPQcdoE07Kv2sferDCrAq1ohOU+MSDswDIbnx3YAM60qIOnYa53wBhXW0EbMonrQ==, registry: https://registry.npmjs.com/, tarball: https://registry.npmjs.org/path-to-regexp/-/path-to-regexp-0.1.7.tgz}
    name: path-to-regexp
    version: 0.1.7
    dev: false

  registry.npmjs.org/picomatch@2.3.1:
    resolution: {integrity: sha512-JU3teHTNjmE2VCGFzuY8EXzCDVwEqB2a8fsIvwaStHhAWJEeVd1o1QD80CU6+ZdEXXSLbSsuLwJjkCBWqRQUVA==, registry: https://registry.npmjs.com/, tarball: https://registry.npmjs.org/picomatch/-/picomatch-2.3.1.tgz}
    name: picomatch
    version: 2.3.1
    engines: {node: '>=8.6'}
    dev: true

  registry.npmjs.org/proxy-addr@2.0.7:
    resolution: {integrity: sha512-llQsMLSUDUPT44jdrU/O37qlnifitDP+ZwrmmZcoSKyLKvtZxpyV0n2/bD/N4tBAAZ/gJEdZU7KMraoK1+XYAg==, registry: https://registry.npmjs.com/, tarball: https://registry.npmjs.org/proxy-addr/-/proxy-addr-2.0.7.tgz}
    name: proxy-addr
    version: 2.0.7
    engines: {node: '>= 0.10'}
    dependencies:
      forwarded: registry.npmjs.org/forwarded@0.2.0
      ipaddr.js: registry.npmjs.org/ipaddr.js@1.9.1
    dev: false

  registry.npmjs.org/pstree.remy@1.1.8:
    resolution: {integrity: sha512-77DZwxQmxKnu3aR542U+X8FypNzbfJ+C5XQDk3uWjWxn6151aIMGthWYRXTqT1E5oJvg+ljaa2OJi+VfvCOQ8w==, registry: https://registry.npmjs.com/, tarball: https://registry.npmjs.org/pstree.remy/-/pstree.remy-1.1.8.tgz}
    name: pstree.remy
    version: 1.1.8
    dev: true

  registry.npmjs.org/qs@6.11.0:
    resolution: {integrity: sha512-MvjoMCJwEarSbUYk5O+nmoSzSutSsTwF85zcHPQ9OrlFoZOYIjaqBAJIqIXjptyD5vThxGq52Xu/MaJzRkIk4Q==, registry: https://registry.npmjs.com/, tarball: https://registry.npmjs.org/qs/-/qs-6.11.0.tgz}
    name: qs
    version: 6.11.0
    engines: {node: '>=0.6'}
    dependencies:
      side-channel: registry.npmjs.org/side-channel@1.0.4
    dev: false

  registry.npmjs.org/range-parser@1.2.1:
    resolution: {integrity: sha512-Hrgsx+orqoygnmhFbKaHE6c296J+HTAQXoxEF6gNupROmmGJRoyzfG3ccAveqCBrwr/2yxQ5BVd/GTl5agOwSg==, registry: https://registry.npmjs.com/, tarball: https://registry.npmjs.org/range-parser/-/range-parser-1.2.1.tgz}
    name: range-parser
    version: 1.2.1
    engines: {node: '>= 0.6'}
    dev: false

  registry.npmjs.org/raw-body@2.5.1:
    resolution: {integrity: sha512-qqJBtEyVgS0ZmPGdCFPWJ3FreoqvG4MVQln/kCgF7Olq95IbOp0/BWyMwbdtn4VTvkM8Y7khCQ2Xgk/tcrCXig==, registry: https://registry.npmjs.com/, tarball: https://registry.npmjs.org/raw-body/-/raw-body-2.5.1.tgz}
    name: raw-body
    version: 2.5.1
    engines: {node: '>= 0.8'}
    dependencies:
      bytes: registry.npmjs.org/bytes@3.1.2
      http-errors: registry.npmjs.org/http-errors@2.0.0
      iconv-lite: registry.npmjs.org/iconv-lite@0.4.24
      unpipe: registry.npmjs.org/unpipe@1.0.0
    dev: false

  registry.npmjs.org/readdirp@3.6.0:
    resolution: {integrity: sha512-hOS089on8RduqdbhvQ5Z37A0ESjsqz6qnRcffsMU3495FuTdqSm+7bhJ29JvIOsBDEEnan5DPu9t3To9VRlMzA==, registry: https://registry.npmjs.com/, tarball: https://registry.npmjs.org/readdirp/-/readdirp-3.6.0.tgz}
    name: readdirp
    version: 3.6.0
    engines: {node: '>=8.10.0'}
    dependencies:
      picomatch: registry.npmjs.org/picomatch@2.3.1
    dev: true

  registry.npmjs.org/safe-buffer@5.2.1:
    resolution: {integrity: sha512-rp3So07KcdmmKbGvgaNxQSJr7bGVSVk5S9Eq1F+ppbRo70+YeaDxkw5Dd8NPN+GD6bjnYm2VuPuCXmpuYvmCXQ==, registry: https://registry.npmjs.com/, tarball: https://registry.npmjs.org/safe-buffer/-/safe-buffer-5.2.1.tgz}
    name: safe-buffer
    version: 5.2.1
    dev: false

  registry.npmjs.org/safer-buffer@2.1.2:
    resolution: {integrity: sha512-YZo3K82SD7Riyi0E1EQPojLz7kpepnSQI9IyPbHHg1XXXevb5dJI7tpyN2ADxGcQbHG7vcyRHk0cbwqcQriUtg==, registry: https://registry.npmjs.com/, tarball: https://registry.npmjs.org/safer-buffer/-/safer-buffer-2.1.2.tgz}
    name: safer-buffer
    version: 2.1.2
    dev: false

  registry.npmjs.org/semver@7.5.4:
    resolution: {integrity: sha512-1bCSESV6Pv+i21Hvpxp3Dx+pSD8lIPt8uVjRrxAUt/nbswYc+tK6Y2btiULjd4+fnq15PX+nqQDC7Oft7WkwcA==, registry: https://registry.npmjs.com/, tarball: https://registry.npmjs.org/semver/-/semver-7.5.4.tgz}
    name: semver
    version: 7.5.4
    engines: {node: '>=10'}
    hasBin: true
    dependencies:
      lru-cache: registry.npmjs.org/lru-cache@6.0.0
    dev: true

  registry.npmjs.org/send@0.18.0:
    resolution: {integrity: sha512-qqWzuOjSFOuqPjFe4NOsMLafToQQwBSOEpS+FwEt3A2V3vKubTquT3vmLTQpFgMXp8AlFWFuP1qKaJZOtPpVXg==, registry: https://registry.npmjs.com/, tarball: https://registry.npmjs.org/send/-/send-0.18.0.tgz}
    name: send
    version: 0.18.0
    engines: {node: '>= 0.8.0'}
    dependencies:
      debug: registry.npmjs.org/debug@2.6.9
      depd: registry.npmjs.org/depd@2.0.0
      destroy: registry.npmjs.org/destroy@1.2.0
      encodeurl: registry.npmjs.org/encodeurl@1.0.2
      escape-html: registry.npmjs.org/escape-html@1.0.3
      etag: registry.npmjs.org/etag@1.8.1
      fresh: registry.npmjs.org/fresh@0.5.2
      http-errors: registry.npmjs.org/http-errors@2.0.0
      mime: registry.npmjs.org/mime@1.6.0
      ms: registry.npmjs.org/ms@2.1.3
      on-finished: registry.npmjs.org/on-finished@2.4.1
      range-parser: registry.npmjs.org/range-parser@1.2.1
      statuses: registry.npmjs.org/statuses@2.0.1
    transitivePeerDependencies:
      - supports-color
    dev: false

  registry.npmjs.org/serve-static@1.15.0:
    resolution: {integrity: sha512-XGuRDNjXUijsUL0vl6nSD7cwURuzEgglbOaFuZM9g3kwDXOWVTck0jLzjPzGD+TazWbboZYu52/9/XPdUgne9g==, registry: https://registry.npmjs.com/, tarball: https://registry.npmjs.org/serve-static/-/serve-static-1.15.0.tgz}
    name: serve-static
    version: 1.15.0
    engines: {node: '>= 0.8.0'}
    dependencies:
      encodeurl: registry.npmjs.org/encodeurl@1.0.2
      escape-html: registry.npmjs.org/escape-html@1.0.3
      parseurl: registry.npmjs.org/parseurl@1.3.3
      send: registry.npmjs.org/send@0.18.0
    transitivePeerDependencies:
      - supports-color
    dev: false

  registry.npmjs.org/setprototypeof@1.2.0:
    resolution: {integrity: sha512-E5LDX7Wrp85Kil5bhZv46j8jOeboKq5JMmYM3gVGdGH8xFpPWXUMsNrlODCrkoxMEeNi/XZIwuRvY4XNwYMJpw==, registry: https://registry.npmjs.com/, tarball: https://registry.npmjs.org/setprototypeof/-/setprototypeof-1.2.0.tgz}
    name: setprototypeof
    version: 1.2.0
    dev: false

  registry.npmjs.org/side-channel@1.0.4:
    resolution: {integrity: sha512-q5XPytqFEIKHkGdiMIrY10mvLRvnQh42/+GoBlFW3b2LXLE2xxJpZFdm94we0BaoV3RwJyGqg5wS7epxTv0Zvw==, registry: https://registry.npmjs.com/, tarball: https://registry.npmjs.org/side-channel/-/side-channel-1.0.4.tgz}
    name: side-channel
    version: 1.0.4
    dependencies:
      call-bind: registry.npmjs.org/call-bind@1.0.2
      get-intrinsic: registry.npmjs.org/get-intrinsic@1.2.1
      object-inspect: registry.npmjs.org/object-inspect@1.12.3
    dev: false

  registry.npmjs.org/simple-update-notifier@2.0.0:
    resolution: {integrity: sha512-a2B9Y0KlNXl9u/vsW6sTIu9vGEpfKu2wRV6l1H3XEas/0gUIzGzBoP/IouTcUQbm9JWZLH3COxyn03TYlFax6w==, registry: https://registry.npmjs.com/, tarball: https://registry.npmjs.org/simple-update-notifier/-/simple-update-notifier-2.0.0.tgz}
    name: simple-update-notifier
    version: 2.0.0
    engines: {node: '>=10'}
    dependencies:
      semver: registry.npmjs.org/semver@7.5.4
    dev: true

  registry.npmjs.org/statuses@2.0.1:
    resolution: {integrity: sha512-RwNA9Z/7PrK06rYLIzFMlaF+l73iwpzsqRIFgbMLbTcLD6cOao82TaWefPXQvB2fOC4AjuYSEndS7N/mTCbkdQ==, registry: https://registry.npmjs.com/, tarball: https://registry.npmjs.org/statuses/-/statuses-2.0.1.tgz}
    name: statuses
    version: 2.0.1
    engines: {node: '>= 0.8'}
    dev: false

  registry.npmjs.org/supports-color@5.5.0:
    resolution: {integrity: sha512-QjVjwdXIt408MIiAqCX4oUKsgU2EqAGzs2Ppkm4aQYbjm+ZEWEcW4SfFNTr4uMNZma0ey4f5lgLrkB0aX0QMow==, registry: https://registry.npmjs.com/, tarball: https://registry.npmjs.org/supports-color/-/supports-color-5.5.0.tgz}
    name: supports-color
    version: 5.5.0
    engines: {node: '>=4'}
    dependencies:
      has-flag: registry.npmjs.org/has-flag@3.0.0
    dev: true

  registry.npmjs.org/to-regex-range@5.0.1:
    resolution: {integrity: sha512-65P7iz6X5yEr1cwcgvQxbbIw7Uk3gOy5dIdtZ4rDveLqhrdJP+Li/Hx6tyK0NEb+2GCyneCMJiGqrADCSNk8sQ==, registry: https://registry.npmjs.com/, tarball: https://registry.npmjs.org/to-regex-range/-/to-regex-range-5.0.1.tgz}
    name: to-regex-range
    version: 5.0.1
    engines: {node: '>=8.0'}
    dependencies:
      is-number: registry.npmjs.org/is-number@7.0.0
    dev: true

  registry.npmjs.org/toidentifier@1.0.1:
    resolution: {integrity: sha512-o5sSPKEkg/DIQNmH43V0/uerLrpzVedkUh8tGNvaeXpfpuwjKenlSox/2O/BTlZUtEe+JG7s5YhEz608PlAHRA==, registry: https://registry.npmjs.com/, tarball: https://registry.npmjs.org/toidentifier/-/toidentifier-1.0.1.tgz}
    name: toidentifier
    version: 1.0.1
    engines: {node: '>=0.6'}
    dev: false

  registry.npmjs.org/touch@3.1.0:
    resolution: {integrity: sha512-WBx8Uy5TLtOSRtIq+M03/sKDrXCLHxwDcquSP2c43Le03/9serjQBIztjRz6FkJez9D/hleyAXTBGLwwZUw9lA==, registry: https://registry.npmjs.com/, tarball: https://registry.npmjs.org/touch/-/touch-3.1.0.tgz}
    name: touch
    version: 3.1.0
    hasBin: true
    dependencies:
      nopt: registry.npmjs.org/nopt@1.0.10
    dev: true

  registry.npmjs.org/type-is@1.6.18:
    resolution: {integrity: sha512-TkRKr9sUTxEH8MdfuCSP7VizJyzRNMjj2J2do2Jr3Kym598JVdEksuzPQCnlFPW4ky9Q+iA+ma9BGm06XQBy8g==, registry: https://registry.npmjs.com/, tarball: https://registry.npmjs.org/type-is/-/type-is-1.6.18.tgz}
    name: type-is
    version: 1.6.18
    engines: {node: '>= 0.6'}
    dependencies:
      media-typer: registry.npmjs.org/media-typer@0.3.0
      mime-types: registry.npmjs.org/mime-types@2.1.35
    dev: false

  registry.npmjs.org/typescript@5.2.2:
    resolution: {integrity: sha512-mI4WrpHsbCIcwT9cF4FZvr80QUeKvsUsUvKDoR+X/7XHQH98xYD8YHZg7ANtz2GtZt/CBq2QJ0thkGJMHfqc1w==, registry: https://registry.npmjs.com/, tarball: https://registry.npmjs.org/typescript/-/typescript-5.2.2.tgz}
    name: typescript
    version: 5.2.2
    engines: {node: '>=14.17'}
    hasBin: true
    dev: true

  registry.npmjs.org/undefsafe@2.0.5:
    resolution: {integrity: sha512-WxONCrssBM8TSPRqN5EmsjVrsv4A8X12J4ArBiiayv3DyyG3ZlIg6yysuuSYdZsVz3TKcTg2fd//Ujd4CHV1iA==, registry: https://registry.npmjs.com/, tarball: https://registry.npmjs.org/undefsafe/-/undefsafe-2.0.5.tgz}
    name: undefsafe
    version: 2.0.5
    dev: true

  registry.npmjs.org/undici-types@5.25.3:
    resolution: {integrity: sha512-Ga1jfYwRn7+cP9v8auvEXN1rX3sWqlayd4HP7OKk4mZWylEmu3KzXDUGrQUN6Ol7qo1gPvB2e5gX6udnyEPgdA==, registry: https://registry.npmjs.com/, tarball: https://registry.npmjs.org/undici-types/-/undici-types-5.25.3.tgz}
    name: undici-types
    version: 5.25.3
    dev: true

  registry.npmjs.org/unpipe@1.0.0:
    resolution: {integrity: sha512-pjy2bYhSsufwWlKwPc+l3cN7+wuJlK6uz0YdJEOlQDbl6jo/YlPi4mb8agUkVC8BF7V8NuzeyPNqRksA3hztKQ==, registry: https://registry.npmjs.com/, tarball: https://registry.npmjs.org/unpipe/-/unpipe-1.0.0.tgz}
    name: unpipe
    version: 1.0.0
    engines: {node: '>= 0.8'}
    dev: false

  registry.npmjs.org/utils-merge@1.0.1:
    resolution: {integrity: sha512-pMZTvIkT1d+TFGvDOqodOclx0QWkkgi6Tdoa8gC8ffGAAqz9pzPTZWAybbsHHoED/ztMtkv/VoYTYyShUn81hA==, registry: https://registry.npmjs.com/, tarball: https://registry.npmjs.org/utils-merge/-/utils-merge-1.0.1.tgz}
    name: utils-merge
    version: 1.0.1
    engines: {node: '>= 0.4.0'}
    dev: false

  registry.npmjs.org/vary@1.1.2:
    resolution: {integrity: sha512-BNGbWLfd0eUPabhkXUVm0j8uuvREyTh5ovRa/dyow/BqAbZJyC+5fU+IzQOzmAKzYqYRAISoRhdQr3eIZ/PXqg==, registry: https://registry.npmjs.com/, tarball: https://registry.npmjs.org/vary/-/vary-1.1.2.tgz}
    name: vary
    version: 1.1.2
    engines: {node: '>= 0.8'}
    dev: false

  registry.npmjs.org/yallist@4.0.0:
    resolution: {integrity: sha512-3wdGidZyq5PB084XLES5TpOSRA3wjXAlIWMhum2kRcv/41Sn2emQ0dycQW4uZXLejwKvg6EsvbdlVL+FYEct7A==, registry: https://registry.npmjs.com/, tarball: https://registry.npmjs.org/yallist/-/yallist-4.0.0.tgz}
    name: yallist
    version: 4.0.0
    dev: true
